<?xml version="1.0" encoding="utf-8"?>
<Project ToolsVersion="4.0" xmlns="http://schemas.microsoft.com/developer/msbuild/2003">
  <ItemGroup>
    <Filter Include="_examples">
      <UniqueIdentifier>{8308C861-EF72-7CD8-38B1-2D7EA45A5A2D}</UniqueIdentifier>
    </Filter>
    <Filter Include="_examples\_Render_to_Texture">
      <UniqueIdentifier>{50996993-3C54-593F-E50B-D289D1A5A3CF}</UniqueIdentifier>
    </Filter>
  </ItemGroup>
  <ItemGroup>
    <ClCompile Include="..\_examples\_Render_to_Texture\main.cc">
      <Filter>_examples\_Render_to_Texture</Filter>
    </ClCompile>
  </ItemGroup>
</Project>
