<?xml version="1.0" encoding="utf-8"?>
<Project ToolsVersion="4.0" xmlns="http://schemas.microsoft.com/developer/msbuild/2003">
  <ItemGroup>
    <Filter Include="_dependencies">
      <UniqueIdentifier>{0BC53CE1-7785-B817-40C0-0195AC3FFDF3}</UniqueIdentifier>
    </Filter>
    <Filter Include="_dependencies\glfw">
      <UniqueIdentifier>{57C663AF-43AA-2405-AC0A-1F58980D0F87}</UniqueIdentifier>
    </Filter>
    <Filter Include="_dependencies\glfw\src">
      <UniqueIdentifier>{FB8431AE-E77E-5A00-D0EB-F010BC84C06C}</UniqueIdentifier>
    </Filter>
    <Filter Include="_dependencies\glew">
      <UniqueIdentifier>{36C663AF-22AA-2405-8B0A-1F58770D0F87}</UniqueIdentifier>
    </Filter>
    <Filter Include="_dependencies\glew\src">
      <UniqueIdentifier>{5A5CDCAB-4656-05FE-2FC3-9B0E1B5C6B6A}</UniqueIdentifier>
    </Filter>
    <Filter Include="_dependencies\glm">
      <UniqueIdentifier>{E789120D-53A0-10A3-9C17-9CC4086DE12A}</UniqueIdentifier>
    </Filter>
    <Filter Include="_dependencies\glm\glm">
      <UniqueIdentifier>{C35CB705-2FC9-7200-F8BC-0A5E64E89468}</UniqueIdentifier>
    </Filter>
    <Filter Include="_dependencies\glm\glm\detail">
      <UniqueIdentifier>{12A913CB-FE63-0377-A71B-7CC193B54D07}</UniqueIdentifier>
    </Filter>
    <Filter Include="_dependencies\glm\glm\gtc">
      <UniqueIdentifier>{9D3E0298-0901-3622-52B1-C4AEBEB20E00}</UniqueIdentifier>
    </Filter>
    <Filter Include="_dependencies\glm\glm\gtx">
      <UniqueIdentifier>{B23E0298-1E01-3622-67B1-C4AED3B20E00}</UniqueIdentifier>
    </Filter>
    <Filter Include="_dependencies\stb_image">
      <UniqueIdentifier>{320249E1-9E39-9178-A743-F59B13FAB771}</UniqueIdentifier>
    </Filter>
    <Filter Include="_dependencies\stb_image\include_src">
      <UniqueIdentifier>{79005333-E5B9-BDDD-6E19-D8B7DAD1734D}</UniqueIdentifier>
    </Filter>
    <Filter Include="_dependencies\tinyobjloader">
      <UniqueIdentifier>{DD5850B9-4966-7E9F-D24C-7A8A3E594A56}</UniqueIdentifier>
    </Filter>
    <Filter Include="_dependencies\tinyobjloader\examples">
      <UniqueIdentifier>{58CC8864-44B3-4A5C-ED03-B179D9C9C3C2}</UniqueIdentifier>
    </Filter>
    <Filter Include="_dependencies\tinyobjloader\examples\obj_sticher">
      <UniqueIdentifier>{E06012FE-CC09-7A2D-F59F-95ACE1A7946E}</UniqueIdentifier>
    </Filter>
    <Filter Include="_dependencies\lua">
      <UniqueIdentifier>{49A0120D-B5B6-10A3-FE2D-9CC46A83E12A}</UniqueIdentifier>
    </Filter>
  </ItemGroup>
  <ItemGroup>
    <None Include="..\_dependencies\glm\glm\detail\func_common.inl">
      <Filter>_dependencies\glm\glm\detail</Filter>
    </None>
    <None Include="..\_dependencies\glm\glm\detail\func_exponential.inl">
      <Filter>_dependencies\glm\glm\detail</Filter>
    </None>
    <None Include="..\_dependencies\glm\glm\detail\func_geometric.inl">
      <Filter>_dependencies\glm\glm\detail</Filter>
    </None>
    <None Include="..\_dependencies\glm\glm\detail\func_integer.inl">
      <Filter>_dependencies\glm\glm\detail</Filter>
    </None>
    <None Include="..\_dependencies\glm\glm\detail\func_matrix.inl">
      <Filter>_dependencies\glm\glm\detail</Filter>
    </None>
    <None Include="..\_dependencies\glm\glm\detail\func_packing.inl">
      <Filter>_dependencies\glm\glm\detail</Filter>
    </None>
    <None Include="..\_dependencies\glm\glm\detail\func_trigonometric.inl">
      <Filter>_dependencies\glm\glm\detail</Filter>
    </None>
    <None Include="..\_dependencies\glm\glm\detail\func_vector_relational.inl">
      <Filter>_dependencies\glm\glm\detail</Filter>
    </None>
    <None Include="..\_dependencies\glm\glm\detail\intrinsic_common.inl">
      <Filter>_dependencies\glm\glm\detail</Filter>
    </None>
    <None Include="..\_dependencies\glm\glm\detail\intrinsic_exponential.inl">
      <Filter>_dependencies\glm\glm\detail</Filter>
    </None>
    <None Include="..\_dependencies\glm\glm\detail\intrinsic_geometric.inl">
      <Filter>_dependencies\glm\glm\detail</Filter>
    </None>
    <None Include="..\_dependencies\glm\glm\detail\intrinsic_integer.inl">
      <Filter>_dependencies\glm\glm\detail</Filter>
    </None>
    <None Include="..\_dependencies\glm\glm\detail\intrinsic_matrix.inl">
      <Filter>_dependencies\glm\glm\detail</Filter>
    </None>
    <None Include="..\_dependencies\glm\glm\detail\intrinsic_trigonometric.inl">
      <Filter>_dependencies\glm\glm\detail</Filter>
    </None>
    <None Include="..\_dependencies\glm\glm\detail\intrinsic_vector_relational.inl">
      <Filter>_dependencies\glm\glm\detail</Filter>
    </None>
    <None Include="..\_dependencies\glm\glm\detail\type_gentype.inl">
      <Filter>_dependencies\glm\glm\detail</Filter>
    </None>
    <None Include="..\_dependencies\glm\glm\detail\type_half.inl">
      <Filter>_dependencies\glm\glm\detail</Filter>
    </None>
    <None Include="..\_dependencies\glm\glm\detail\type_mat.inl">
      <Filter>_dependencies\glm\glm\detail</Filter>
    </None>
    <None Include="..\_dependencies\glm\glm\detail\type_mat2x2.inl">
      <Filter>_dependencies\glm\glm\detail</Filter>
    </None>
    <None Include="..\_dependencies\glm\glm\detail\type_mat2x3.inl">
      <Filter>_dependencies\glm\glm\detail</Filter>
    </None>
    <None Include="..\_dependencies\glm\glm\detail\type_mat2x4.inl">
      <Filter>_dependencies\glm\glm\detail</Filter>
    </None>
    <None Include="..\_dependencies\glm\glm\detail\type_mat3x2.inl">
      <Filter>_dependencies\glm\glm\detail</Filter>
    </None>
    <None Include="..\_dependencies\glm\glm\detail\type_mat3x3.inl">
      <Filter>_dependencies\glm\glm\detail</Filter>
    </None>
    <None Include="..\_dependencies\glm\glm\detail\type_mat3x4.inl">
      <Filter>_dependencies\glm\glm\detail</Filter>
    </None>
    <None Include="..\_dependencies\glm\glm\detail\type_mat4x2.inl">
      <Filter>_dependencies\glm\glm\detail</Filter>
    </None>
    <None Include="..\_dependencies\glm\glm\detail\type_mat4x3.inl">
      <Filter>_dependencies\glm\glm\detail</Filter>
    </None>
    <None Include="..\_dependencies\glm\glm\detail\type_mat4x4.inl">
      <Filter>_dependencies\glm\glm\detail</Filter>
    </None>
    <None Include="..\_dependencies\glm\glm\detail\type_vec.inl">
      <Filter>_dependencies\glm\glm\detail</Filter>
    </None>
    <None Include="..\_dependencies\glm\glm\detail\type_vec1.inl">
      <Filter>_dependencies\glm\glm\detail</Filter>
    </None>
    <None Include="..\_dependencies\glm\glm\detail\type_vec2.inl">
      <Filter>_dependencies\glm\glm\detail</Filter>
    </None>
    <None Include="..\_dependencies\glm\glm\detail\type_vec3.inl">
      <Filter>_dependencies\glm\glm\detail</Filter>
    </None>
    <None Include="..\_dependencies\glm\glm\detail\type_vec4.inl">
      <Filter>_dependencies\glm\glm\detail</Filter>
    </None>
    <None Include="..\_dependencies\glm\glm\detail\type_vec4_avx.inl">
      <Filter>_dependencies\glm\glm\detail</Filter>
    </None>
    <None Include="..\_dependencies\glm\glm\detail\type_vec4_avx2.inl">
      <Filter>_dependencies\glm\glm\detail</Filter>
    </None>
    <None Include="..\_dependencies\glm\glm\detail\type_vec4_sse2.inl">
      <Filter>_dependencies\glm\glm\detail</Filter>
    </None>
    <None Include="..\_dependencies\glm\glm\gtc\bitfield.inl">
      <Filter>_dependencies\glm\glm\gtc</Filter>
    </None>
    <None Include="..\_dependencies\glm\glm\gtc\color_space.inl">
      <Filter>_dependencies\glm\glm\gtc</Filter>
    </None>
    <None Include="..\_dependencies\glm\glm\gtc\constants.inl">
      <Filter>_dependencies\glm\glm\gtc</Filter>
    </None>
    <None Include="..\_dependencies\glm\glm\gtc\epsilon.inl">
      <Filter>_dependencies\glm\glm\gtc</Filter>
    </None>
    <None Include="..\_dependencies\glm\glm\gtc\integer.inl">
      <Filter>_dependencies\glm\glm\gtc</Filter>
    </None>
    <None Include="..\_dependencies\glm\glm\gtc\matrix_access.inl">
      <Filter>_dependencies\glm\glm\gtc</Filter>
    </None>
    <None Include="..\_dependencies\glm\glm\gtc\matrix_inverse.inl">
      <Filter>_dependencies\glm\glm\gtc</Filter>
    </None>
    <None Include="..\_dependencies\glm\glm\gtc\matrix_transform.inl">
      <Filter>_dependencies\glm\glm\gtc</Filter>
    </None>
    <None Include="..\_dependencies\glm\glm\gtc\noise.inl">
      <Filter>_dependencies\glm\glm\gtc</Filter>
    </None>
    <None Include="..\_dependencies\glm\glm\gtc\packing.inl">
      <Filter>_dependencies\glm\glm\gtc</Filter>
    </None>
    <None Include="..\_dependencies\glm\glm\gtc\quaternion.inl">
      <Filter>_dependencies\glm\glm\gtc</Filter>
    </None>
    <None Include="..\_dependencies\glm\glm\gtc\random.inl">
      <Filter>_dependencies\glm\glm\gtc</Filter>
    </None>
    <None Include="..\_dependencies\glm\glm\gtc\reciprocal.inl">
      <Filter>_dependencies\glm\glm\gtc</Filter>
    </None>
    <None Include="..\_dependencies\glm\glm\gtc\round.inl">
      <Filter>_dependencies\glm\glm\gtc</Filter>
    </None>
    <None Include="..\_dependencies\glm\glm\gtc\type_precision.inl">
      <Filter>_dependencies\glm\glm\gtc</Filter>
    </None>
    <None Include="..\_dependencies\glm\glm\gtc\type_ptr.inl">
      <Filter>_dependencies\glm\glm\gtc</Filter>
    </None>
    <None Include="..\_dependencies\glm\glm\gtc\ulp.inl">
      <Filter>_dependencies\glm\glm\gtc</Filter>
    </None>
    <None Include="..\_dependencies\glm\glm\gtc\vec1.inl">
      <Filter>_dependencies\glm\glm\gtc</Filter>
    </None>
    <None Include="..\_dependencies\glm\glm\gtx\associated_min_max.inl">
      <Filter>_dependencies\glm\glm\gtx</Filter>
    </None>
    <None Include="..\_dependencies\glm\glm\gtx\bit.inl">
      <Filter>_dependencies\glm\glm\gtx</Filter>
    </None>
    <None Include="..\_dependencies\glm\glm\gtx\closest_point.inl">
      <Filter>_dependencies\glm\glm\gtx</Filter>
    </None>
    <None Include="..\_dependencies\glm\glm\gtx\color_space.inl">
      <Filter>_dependencies\glm\glm\gtx</Filter>
    </None>
    <None Include="..\_dependencies\glm\glm\gtx\color_space_YCoCg.inl">
      <Filter>_dependencies\glm\glm\gtx</Filter>
    </None>
    <None Include="..\_dependencies\glm\glm\gtx\common.inl">
      <Filter>_dependencies\glm\glm\gtx</Filter>
    </None>
    <None Include="..\_dependencies\glm\glm\gtx\compatibility.inl">
      <Filter>_dependencies\glm\glm\gtx</Filter>
    </None>
    <None Include="..\_dependencies\glm\glm\gtx\component_wise.inl">
      <Filter>_dependencies\glm\glm\gtx</Filter>
    </None>
    <None Include="..\_dependencies\glm\glm\gtx\dual_quaternion.inl">
      <Filter>_dependencies\glm\glm\gtx</Filter>
    </None>
    <None Include="..\_dependencies\glm\glm\gtx\euler_angles.inl">
      <Filter>_dependencies\glm\glm\gtx</Filter>
    </None>
    <None Include="..\_dependencies\glm\glm\gtx\extend.inl">
      <Filter>_dependencies\glm\glm\gtx</Filter>
    </None>
    <None Include="..\_dependencies\glm\glm\gtx\extented_min_max.inl">
      <Filter>_dependencies\glm\glm\gtx</Filter>
    </None>
    <None Include="..\_dependencies\glm\glm\gtx\fast_exponential.inl">
      <Filter>_dependencies\glm\glm\gtx</Filter>
    </None>
    <None Include="..\_dependencies\glm\glm\gtx\fast_square_root.inl">
      <Filter>_dependencies\glm\glm\gtx</Filter>
    </None>
    <None Include="..\_dependencies\glm\glm\gtx\fast_trigonometry.inl">
      <Filter>_dependencies\glm\glm\gtx</Filter>
    </None>
    <None Include="..\_dependencies\glm\glm\gtx\gradient_paint.inl">
      <Filter>_dependencies\glm\glm\gtx</Filter>
    </None>
    <None Include="..\_dependencies\glm\glm\gtx\handed_coordinate_space.inl">
      <Filter>_dependencies\glm\glm\gtx</Filter>
    </None>
    <None Include="..\_dependencies\glm\glm\gtx\hash.inl">
      <Filter>_dependencies\glm\glm\gtx</Filter>
    </None>
    <None Include="..\_dependencies\glm\glm\gtx\integer.inl">
      <Filter>_dependencies\glm\glm\gtx</Filter>
    </None>
    <None Include="..\_dependencies\glm\glm\gtx\intersect.inl">
      <Filter>_dependencies\glm\glm\gtx</Filter>
    </None>
    <None Include="..\_dependencies\glm\glm\gtx\io.inl">
      <Filter>_dependencies\glm\glm\gtx</Filter>
    </None>
    <None Include="..\_dependencies\glm\glm\gtx\log_base.inl">
      <Filter>_dependencies\glm\glm\gtx</Filter>
    </None>
    <None Include="..\_dependencies\glm\glm\gtx\matrix_cross_product.inl">
      <Filter>_dependencies\glm\glm\gtx</Filter>
    </None>
    <None Include="..\_dependencies\glm\glm\gtx\matrix_decompose.inl">
      <Filter>_dependencies\glm\glm\gtx</Filter>
    </None>
    <None Include="..\_dependencies\glm\glm\gtx\matrix_interpolation.inl">
      <Filter>_dependencies\glm\glm\gtx</Filter>
    </None>
    <None Include="..\_dependencies\glm\glm\gtx\matrix_major_storage.inl">
      <Filter>_dependencies\glm\glm\gtx</Filter>
    </None>
    <None Include="..\_dependencies\glm\glm\gtx\matrix_operation.inl">
      <Filter>_dependencies\glm\glm\gtx</Filter>
    </None>
    <None Include="..\_dependencies\glm\glm\gtx\matrix_query.inl">
      <Filter>_dependencies\glm\glm\gtx</Filter>
    </None>
    <None Include="..\_dependencies\glm\glm\gtx\matrix_transform_2d.inl">
      <Filter>_dependencies\glm\glm\gtx</Filter>
    </None>
    <None Include="..\_dependencies\glm\glm\gtx\mixed_product.inl">
      <Filter>_dependencies\glm\glm\gtx</Filter>
    </None>
    <None Include="..\_dependencies\glm\glm\gtx\norm.inl">
      <Filter>_dependencies\glm\glm\gtx</Filter>
    </None>
    <None Include="..\_dependencies\glm\glm\gtx\normal.inl">
      <Filter>_dependencies\glm\glm\gtx</Filter>
    </None>
    <None Include="..\_dependencies\glm\glm\gtx\normalize_dot.inl">
      <Filter>_dependencies\glm\glm\gtx</Filter>
    </None>
    <None Include="..\_dependencies\glm\glm\gtx\number_precision.inl">
      <Filter>_dependencies\glm\glm\gtx</Filter>
    </None>
    <None Include="..\_dependencies\glm\glm\gtx\optimum_pow.inl">
      <Filter>_dependencies\glm\glm\gtx</Filter>
    </None>
    <None Include="..\_dependencies\glm\glm\gtx\orthonormalize.inl">
      <Filter>_dependencies\glm\glm\gtx</Filter>
    </None>
    <None Include="..\_dependencies\glm\glm\gtx\perpendicular.inl">
      <Filter>_dependencies\glm\glm\gtx</Filter>
    </None>
    <None Include="..\_dependencies\glm\glm\gtx\polar_coordinates.inl">
      <Filter>_dependencies\glm\glm\gtx</Filter>
    </None>
    <None Include="..\_dependencies\glm\glm\gtx\projection.inl">
      <Filter>_dependencies\glm\glm\gtx</Filter>
    </None>
    <None Include="..\_dependencies\glm\glm\gtx\quaternion.inl">
      <Filter>_dependencies\glm\glm\gtx</Filter>
    </None>
    <None Include="..\_dependencies\glm\glm\gtx\raw_data.inl">
      <Filter>_dependencies\glm\glm\gtx</Filter>
    </None>
    <None Include="..\_dependencies\glm\glm\gtx\rotate_normalized_axis.inl">
      <Filter>_dependencies\glm\glm\gtx</Filter>
    </None>
    <None Include="..\_dependencies\glm\glm\gtx\rotate_vector.inl">
      <Filter>_dependencies\glm\glm\gtx</Filter>
    </None>
    <None Include="..\_dependencies\glm\glm\gtx\scalar_relational.inl">
      <Filter>_dependencies\glm\glm\gtx</Filter>
    </None>
    <None Include="..\_dependencies\glm\glm\gtx\simd_mat4.inl">
      <Filter>_dependencies\glm\glm\gtx</Filter>
    </None>
    <None Include="..\_dependencies\glm\glm\gtx\simd_quat.inl">
      <Filter>_dependencies\glm\glm\gtx</Filter>
    </None>
    <None Include="..\_dependencies\glm\glm\gtx\simd_vec4.inl">
      <Filter>_dependencies\glm\glm\gtx</Filter>
    </None>
    <None Include="..\_dependencies\glm\glm\gtx\spline.inl">
      <Filter>_dependencies\glm\glm\gtx</Filter>
    </None>
    <None Include="..\_dependencies\glm\glm\gtx\std_based_type.inl">
      <Filter>_dependencies\glm\glm\gtx</Filter>
    </None>
    <None Include="..\_dependencies\glm\glm\gtx\string_cast.inl">
      <Filter>_dependencies\glm\glm\gtx</Filter>
    </None>
    <None Include="..\_dependencies\glm\glm\gtx\transform.inl">
      <Filter>_dependencies\glm\glm\gtx</Filter>
    </None>
    <None Include="..\_dependencies\glm\glm\gtx\transform2.inl">
      <Filter>_dependencies\glm\glm\gtx</Filter>
    </None>
    <None Include="..\_dependencies\glm\glm\gtx\type_aligned.inl">
      <Filter>_dependencies\glm\glm\gtx</Filter>
    </None>
    <None Include="..\_dependencies\glm\glm\gtx\vector_angle.inl">
      <Filter>_dependencies\glm\glm\gtx</Filter>
    </None>
    <None Include="..\_dependencies\glm\glm\gtx\vector_query.inl">
      <Filter>_dependencies\glm\glm\gtx</Filter>
    </None>
    <None Include="..\_dependencies\glm\glm\gtx\wrap.inl">
      <Filter>_dependencies\glm\glm\gtx</Filter>
    </None>
  </ItemGroup>
  <ItemGroup>
    <ClCompile Include="..\_dependencies\glfw\src\context.c">
      <Filter>_dependencies\glfw\src</Filter>
    </ClCompile>
    <ClCompile Include="..\_dependencies\glfw\src\egl_context.c">
      <Filter>_dependencies\glfw\src</Filter>
    </ClCompile>
    <ClCompile Include="..\_dependencies\glfw\src\glx_context.c">
      <Filter>_dependencies\glfw\src</Filter>
    </ClCompile>
    <ClCompile Include="..\_dependencies\glfw\src\init.c">
      <Filter>_dependencies\glfw\src</Filter>
    </ClCompile>
    <ClCompile Include="..\_dependencies\glfw\src\input.c">
      <Filter>_dependencies\glfw\src</Filter>
    </ClCompile>
    <ClCompile Include="..\_dependencies\glfw\src\linux_joystick.c">
      <Filter>_dependencies\glfw\src</Filter>
    </ClCompile>
    <ClCompile Include="..\_dependencies\glfw\src\mach_time.c">
      <Filter>_dependencies\glfw\src</Filter>
    </ClCompile>
    <ClCompile Include="..\_dependencies\glfw\src\mir_init.c">
      <Filter>_dependencies\glfw\src</Filter>
    </ClCompile>
    <ClCompile Include="..\_dependencies\glfw\src\mir_monitor.c">
      <Filter>_dependencies\glfw\src</Filter>
    </ClCompile>
    <ClCompile Include="..\_dependencies\glfw\src\mir_window.c">
      <Filter>_dependencies\glfw\src</Filter>
    </ClCompile>
    <ClCompile Include="..\_dependencies\glfw\src\monitor.c">
      <Filter>_dependencies\glfw\src</Filter>
    </ClCompile>
    <ClCompile Include="..\_dependencies\glfw\src\posix_time.c">
      <Filter>_dependencies\glfw\src</Filter>
    </ClCompile>
    <ClCompile Include="..\_dependencies\glfw\src\posix_tls.c">
      <Filter>_dependencies\glfw\src</Filter>
    </ClCompile>
    <ClCompile Include="..\_dependencies\glfw\src\wgl_context.c">
      <Filter>_dependencies\glfw\src</Filter>
    </ClCompile>
    <ClCompile Include="..\_dependencies\glfw\src\win32_init.c">
      <Filter>_dependencies\glfw\src</Filter>
    </ClCompile>
    <ClCompile Include="..\_dependencies\glfw\src\win32_monitor.c">
      <Filter>_dependencies\glfw\src</Filter>
    </ClCompile>
    <ClCompile Include="..\_dependencies\glfw\src\win32_time.c">
      <Filter>_dependencies\glfw\src</Filter>
    </ClCompile>
    <ClCompile Include="..\_dependencies\glfw\src\win32_tls.c">
      <Filter>_dependencies\glfw\src</Filter>
    </ClCompile>
    <ClCompile Include="..\_dependencies\glfw\src\win32_window.c">
      <Filter>_dependencies\glfw\src</Filter>
    </ClCompile>
    <ClCompile Include="..\_dependencies\glfw\src\window.c">
      <Filter>_dependencies\glfw\src</Filter>
    </ClCompile>
    <ClCompile Include="..\_dependencies\glfw\src\winmm_joystick.c">
      <Filter>_dependencies\glfw\src</Filter>
    </ClCompile>
    <ClCompile Include="..\_dependencies\glfw\src\wl_init.c">
      <Filter>_dependencies\glfw\src</Filter>
    </ClCompile>
    <ClCompile Include="..\_dependencies\glfw\src\wl_monitor.c">
      <Filter>_dependencies\glfw\src</Filter>
    </ClCompile>
    <ClCompile Include="..\_dependencies\glfw\src\wl_window.c">
      <Filter>_dependencies\glfw\src</Filter>
    </ClCompile>
    <ClCompile Include="..\_dependencies\glfw\src\x11_init.c">
      <Filter>_dependencies\glfw\src</Filter>
    </ClCompile>
    <ClCompile Include="..\_dependencies\glfw\src\x11_monitor.c">
      <Filter>_dependencies\glfw\src</Filter>
    </ClCompile>
    <ClCompile Include="..\_dependencies\glfw\src\x11_window.c">
      <Filter>_dependencies\glfw\src</Filter>
    </ClCompile>
    <ClCompile Include="..\_dependencies\glfw\src\xkb_unicode.c">
      <Filter>_dependencies\glfw\src</Filter>
    </ClCompile>
    <ClCompile Include="..\_dependencies\glew\src\glew.c">
      <Filter>_dependencies\glew\src</Filter>
    </ClCompile>
    <ClCompile Include="..\_dependencies\stb_image\include_src\stb_vorbis.c">
      <Filter>_dependencies\stb_image\include_src</Filter>
    </ClCompile>
    <ClCompile Include="..\_dependencies\tinyobjloader\test.cc">
      <Filter>_dependencies\tinyobjloader</Filter>
    </ClCompile>
    <ClCompile Include="..\_dependencies\tinyobjloader\tiny_obj_loader.cc">
      <Filter>_dependencies\tinyobjloader</Filter>
    </ClCompile>
    <ClCompile Include="..\_dependencies\tinyobjloader\examples\obj_sticher\obj_sticher.cc">
      <Filter>_dependencies\tinyobjloader\examples\obj_sticher</Filter>
    </ClCompile>
    <ClCompile Include="..\_dependencies\tinyobjloader\examples\obj_sticher\obj_writer.cc">
      <Filter>_dependencies\tinyobjloader\examples\obj_sticher</Filter>
    </ClCompile>
    <ClCompile Include="..\_dependencies\lua\lapi.c">
      <Filter>_dependencies\lua</Filter>
    </ClCompile>
    <ClCompile Include="..\_dependencies\lua\lauxlib.c">
      <Filter>_dependencies\lua</Filter>
    </ClCompile>
    <ClCompile Include="..\_dependencies\lua\lbaselib.c">
      <Filter>_dependencies\lua</Filter>
    </ClCompile>
    <ClCompile Include="..\_dependencies\lua\lbitlib.c">
      <Filter>_dependencies\lua</Filter>
    </ClCompile>
    <ClCompile Include="..\_dependencies\lua\lcode.c">
      <Filter>_dependencies\lua</Filter>
    </ClCompile>
    <ClCompile Include="..\_dependencies\lua\lcorolib.c">
      <Filter>_dependencies\lua</Filter>
    </ClCompile>
    <ClCompile Include="..\_dependencies\lua\lctype.c">
      <Filter>_dependencies\lua</Filter>
    </ClCompile>
    <ClCompile Include="..\_dependencies\lua\ldblib.c">
      <Filter>_dependencies\lua</Filter>
    </ClCompile>
    <ClCompile Include="..\_dependencies\lua\ldebug.c">
      <Filter>_dependencies\lua</Filter>
    </ClCompile>
    <ClCompile Include="..\_dependencies\lua\ldo.c">
      <Filter>_dependencies\lua</Filter>
    </ClCompile>
    <ClCompile Include="..\_dependencies\lua\ldump.c">
      <Filter>_dependencies\lua</Filter>
    </ClCompile>
    <ClCompile Include="..\_dependencies\lua\lfunc.c">
      <Filter>_dependencies\lua</Filter>
    </ClCompile>
    <ClCompile Include="..\_dependencies\lua\lgc.c">
      <Filter>_dependencies\lua</Filter>
    </ClCompile>
    <ClCompile Include="..\_dependencies\lua\linit.c">
      <Filter>_dependencies\lua</Filter>
    </ClCompile>
    <ClCompile Include="..\_dependencies\lua\liolib.c">
      <Filter>_dependencies\lua</Filter>
    </ClCompile>
    <ClCompile Include="..\_dependencies\lua\llex.c">
      <Filter>_dependencies\lua</Filter>
    </ClCompile>
    <ClCompile Include="..\_dependencies\lua\lmathlib.c">
      <Filter>_dependencies\lua</Filter>
    </ClCompile>
    <ClCompile Include="..\_dependencies\lua\lmem.c">
      <Filter>_dependencies\lua</Filter>
    </ClCompile>
    <ClCompile Include="..\_dependencies\lua\loadlib.c">
      <Filter>_dependencies\lua</Filter>
    </ClCompile>
    <ClCompile Include="..\_dependencies\lua\lobject.c">
      <Filter>_dependencies\lua</Filter>
    </ClCompile>
    <ClCompile Include="..\_dependencies\lua\lopcodes.c">
      <Filter>_dependencies\lua</Filter>
    </ClCompile>
    <ClCompile Include="..\_dependencies\lua\loslib.c">
      <Filter>_dependencies\lua</Filter>
    </ClCompile>
    <ClCompile Include="..\_dependencies\lua\lparser.c">
      <Filter>_dependencies\lua</Filter>
    </ClCompile>
    <ClCompile Include="..\_dependencies\lua\lstate.c">
      <Filter>_dependencies\lua</Filter>
    </ClCompile>
    <ClCompile Include="..\_dependencies\lua\lstring.c">
      <Filter>_dependencies\lua</Filter>
    </ClCompile>
    <ClCompile Include="..\_dependencies\lua\lstrlib.c">
      <Filter>_dependencies\lua</Filter>
    </ClCompile>
    <ClCompile Include="..\_dependencies\lua\ltable.c">
      <Filter>_dependencies\lua</Filter>
    </ClCompile>
    <ClCompile Include="..\_dependencies\lua\ltablib.c">
      <Filter>_dependencies\lua</Filter>
    </ClCompile>
    <ClCompile Include="..\_dependencies\lua\ltm.c">
      <Filter>_dependencies\lua</Filter>
    </ClCompile>
    <ClCompile Include="..\_dependencies\lua\lua.c">
      <Filter>_dependencies\lua</Filter>
    </ClCompile>
    <ClCompile Include="..\_dependencies\lua\luac.c">
      <Filter>_dependencies\lua</Filter>
    </ClCompile>
    <ClCompile Include="..\_dependencies\lua\lundump.c">
      <Filter>_dependencies\lua</Filter>
    </ClCompile>
    <ClCompile Include="..\_dependencies\lua\lutf8lib.c">
      <Filter>_dependencies\lua</Filter>
    </ClCompile>
    <ClCompile Include="..\_dependencies\lua\lvm.c">
      <Filter>_dependencies\lua</Filter>
    </ClCompile>
    <ClCompile Include="..\_dependencies\lua\lzio.c">
      <Filter>_dependencies\lua</Filter>
    </ClCompile>
  </ItemGroup>
</Project>
